// !$*UTF8*$!
{
	archiveVersion = 1;
	classes = {
	};
	objectVersion = 56;
	objects = {

/* Begin PBXBuildFile section */
		7E217C122B64393C00647BDD /* SplashView.swift in Sources */ = {isa = PBXBuildFile; fileRef = 7E217C112B64393C00647BDD /* SplashView.swift */; };
		7E217C142B64394B00647BDD /* OnboardingView.swift in Sources */ = {isa = PBXBuildFile; fileRef = 7E217C132B64394B00647BDD /* OnboardingView.swift */; };
		7E217C172B64397400647BDD /* OnboardingPageItemView.swift in Sources */ = {isa = PBXBuildFile; fileRef = 7E217C162B64397400647BDD /* OnboardingPageItemView.swift */; };
		7E217C1B2B6439E700647BDD /* UserDetailsView.swift in Sources */ = {isa = PBXBuildFile; fileRef = 7E217C1A2B6439E700647BDD /* UserDetailsView.swift */; };
		7E217C1D2B6439EF00647BDD /* UserListView.swift in Sources */ = {isa = PBXBuildFile; fileRef = 7E217C1C2B6439EF00647BDD /* UserListView.swift */; };
		7E217C202B643A2400647BDD /* UserRecentRepositoriesView.swift in Sources */ = {isa = PBXBuildFile; fileRef = 7E217C1F2B643A2400647BDD /* UserRecentRepositoriesView.swift */; };
		7E217C222B643A5000647BDD /* UserDetailsDescriptionView.swift in Sources */ = {isa = PBXBuildFile; fileRef = 7E217C212B643A5000647BDD /* UserDetailsDescriptionView.swift */; };
		7E217C242B643A8C00647BDD /* UserRecentRepositoriesItemView.swift in Sources */ = {isa = PBXBuildFile; fileRef = 7E217C232B643A8C00647BDD /* UserRecentRepositoriesItemView.swift */; };
		7E217C262B643A9E00647BDD /* UserDetailsHeaderView.swift in Sources */ = {isa = PBXBuildFile; fileRef = 7E217C252B643A9E00647BDD /* UserDetailsHeaderView.swift */; };
		7E217C292B643ACB00647BDD /* UserListHeaderView.swift in Sources */ = {isa = PBXBuildFile; fileRef = 7E217C282B643ACB00647BDD /* UserListHeaderView.swift */; };
		7E217C2B2B643AD800647BDD /* UserListItemView.swift in Sources */ = {isa = PBXBuildFile; fileRef = 7E217C2A2B643AD800647BDD /* UserListItemView.swift */; };
		7E217C2D2B643AFA00647BDD /* UserListSearchTextField.swift in Sources */ = {isa = PBXBuildFile; fileRef = 7E217C2C2B643AFA00647BDD /* UserListSearchTextField.swift */; };
		7E217C492B65724600647BDD /* Colors.xcassets in Resources */ = {isa = PBXBuildFile; fileRef = 7E217C332B65724500647BDD /* Colors.xcassets */; };
		7E217C4A2B65724600647BDD /* Assets.xcassets in Resources */ = {isa = PBXBuildFile; fileRef = 7E217C342B65724500647BDD /* Assets.xcassets */; };
		7E217C4B2B65724600647BDD /* NunitoSans_7pt-Medium.ttf in Resources */ = {isa = PBXBuildFile; fileRef = 7E217C372B65724500647BDD /* NunitoSans_7pt-Medium.ttf */; };
		7E217C4C2B65724600647BDD /* NunitoSans_7pt-LightItalic.ttf in Resources */ = {isa = PBXBuildFile; fileRef = 7E217C382B65724500647BDD /* NunitoSans_7pt-LightItalic.ttf */; };
		7E217C4D2B65724600647BDD /* NunitoSans_7pt-SemiBold.ttf in Resources */ = {isa = PBXBuildFile; fileRef = 7E217C392B65724600647BDD /* NunitoSans_7pt-SemiBold.ttf */; };
		7E217C4E2B65724600647BDD /* NunitoSans_7pt-BlackItalic.ttf in Resources */ = {isa = PBXBuildFile; fileRef = 7E217C3A2B65724600647BDD /* NunitoSans_7pt-BlackItalic.ttf */; };
		7E217C4F2B65724600647BDD /* NunitoSans_7pt-Light.ttf in Resources */ = {isa = PBXBuildFile; fileRef = 7E217C3B2B65724600647BDD /* NunitoSans_7pt-Light.ttf */; };
		7E217C502B65724600647BDD /* NunitoSans_7pt-ExtraBoldItalic.ttf in Resources */ = {isa = PBXBuildFile; fileRef = 7E217C3C2B65724600647BDD /* NunitoSans_7pt-ExtraBoldItalic.ttf */; };
		7E217C512B65724600647BDD /* NunitoSans_7pt-ExtraLight.ttf in Resources */ = {isa = PBXBuildFile; fileRef = 7E217C3D2B65724600647BDD /* NunitoSans_7pt-ExtraLight.ttf */; };
		7E217C522B65724600647BDD /* NunitoSans_7pt-SemiBoldItalic.ttf in Resources */ = {isa = PBXBuildFile; fileRef = 7E217C3E2B65724600647BDD /* NunitoSans_7pt-SemiBoldItalic.ttf */; };
		7E217C532B65724600647BDD /* NunitoSans_7pt-Black.ttf in Resources */ = {isa = PBXBuildFile; fileRef = 7E217C3F2B65724600647BDD /* NunitoSans_7pt-Black.ttf */; };
		7E217C542B65724600647BDD /* NunitoSans_7pt-BoldItalic.ttf in Resources */ = {isa = PBXBuildFile; fileRef = 7E217C402B65724600647BDD /* NunitoSans_7pt-BoldItalic.ttf */; };
		7E217C552B65724600647BDD /* NunitoSans_7pt-ExtraBold.ttf in Resources */ = {isa = PBXBuildFile; fileRef = 7E217C412B65724600647BDD /* NunitoSans_7pt-ExtraBold.ttf */; };
		7E217C562B65724600647BDD /* NunitoSans_7pt-MediumItalic.ttf in Resources */ = {isa = PBXBuildFile; fileRef = 7E217C422B65724600647BDD /* NunitoSans_7pt-MediumItalic.ttf */; };
		7E217C572B65724600647BDD /* NunitoSans_7pt-ExtraLightItalic.ttf in Resources */ = {isa = PBXBuildFile; fileRef = 7E217C432B65724600647BDD /* NunitoSans_7pt-ExtraLightItalic.ttf */; };
		7E217C582B65724600647BDD /* NunitoSans_7pt-Italic.ttf in Resources */ = {isa = PBXBuildFile; fileRef = 7E217C442B65724600647BDD /* NunitoSans_7pt-Italic.ttf */; };
		7E217C592B65724600647BDD /* NunitoSans_7pt-Regular.ttf in Resources */ = {isa = PBXBuildFile; fileRef = 7E217C452B65724600647BDD /* NunitoSans_7pt-Regular.ttf */; };
		7E217C5A2B65724600647BDD /* NunitoSans_7pt-Bold.ttf in Resources */ = {isa = PBXBuildFile; fileRef = 7E217C462B65724600647BDD /* NunitoSans_7pt-Bold.ttf */; };
		7E217C712B65726000647BDD /* OnboardingData.swift in Sources */ = {isa = PBXBuildFile; fileRef = 7E217C5E2B65726000647BDD /* OnboardingData.swift */; };
		7E217C722B65726000647BDD /* PublicRepositoryListResponse.swift in Sources */ = {isa = PBXBuildFile; fileRef = 7E217C612B65726000647BDD /* PublicRepositoryListResponse.swift */; };
		7E217C742B65726000647BDD /* HTTPClient.swift in Sources */ = {isa = PBXBuildFile; fileRef = 7E217C652B65726000647BDD /* HTTPClient.swift */; };
		7E217C752B65726000647BDD /* HTTPClientImpl.swift in Sources */ = {isa = PBXBuildFile; fileRef = 7E217C662B65726000647BDD /* HTTPClientImpl.swift */; };
		7E217C782B65726000647BDD /* GithubRepository.swift in Sources */ = {isa = PBXBuildFile; fileRef = 7E217C6C2B65726000647BDD /* GithubRepository.swift */; };
		7E217C792B65726000647BDD /* GithubRepositoryImpl.swift in Sources */ = {isa = PBXBuildFile; fileRef = 7E217C6D2B65726000647BDD /* GithubRepositoryImpl.swift */; };
		7E217C7A2B65726000647BDD /* GithubAPI.swift in Sources */ = {isa = PBXBuildFile; fileRef = 7E217C702B65726000647BDD /* GithubAPI.swift */; };
		7E217C832B65736C00647BDD /* RepositoryProvider.swift in Sources */ = {isa = PBXBuildFile; fileRef = 7E217C7B2B65736C00647BDD /* RepositoryProvider.swift */; };
		7E217C852B65736C00647BDD /* ColorExtension.swift in Sources */ = {isa = PBXBuildFile; fileRef = 7E217C7E2B65736C00647BDD /* ColorExtension.swift */; };
		7E217C862B65736C00647BDD /* Environment.swift in Sources */ = {isa = PBXBuildFile; fileRef = 7E217C7F2B65736C00647BDD /* Environment.swift */; };
		7E217C872B65736C00647BDD /* CustomDataError.swift in Sources */ = {isa = PBXBuildFile; fileRef = 7E217C812B65736C00647BDD /* CustomDataError.swift */; };
		7E217C882B65736C00647BDD /* HTTPConstants.swift in Sources */ = {isa = PBXBuildFile; fileRef = 7E217C822B65736C00647BDD /* HTTPConstants.swift */; };
		7E217C902B65C66E00647BDD /* Fonts.swift in Sources */ = {isa = PBXBuildFile; fileRef = 7E217C8E2B65C66E00647BDD /* Fonts.swift */; };
		7E217C912B65C66E00647BDD /* Assets.swift in Sources */ = {isa = PBXBuildFile; fileRef = 7E217C8F2B65C66E00647BDD /* Assets.swift */; };
		7E217C932B65CE6E00647BDD /* ViewExtension.swift in Sources */ = {isa = PBXBuildFile; fileRef = 7E217C922B65CE6E00647BDD /* ViewExtension.swift */; };
		7E80BFAB2B42FCFC000679ED /* CheckItApp.swift in Sources */ = {isa = PBXBuildFile; fileRef = 7E80BFAA2B42FCFC000679ED /* CheckItApp.swift */; };
		7E80BFAD2B42FCFC000679ED /* ContentView.swift in Sources */ = {isa = PBXBuildFile; fileRef = 7E80BFAC2B42FCFC000679ED /* ContentView.swift */; };
		7E80BFB22B42FCFD000679ED /* Preview Assets.xcassets in Resources */ = {isa = PBXBuildFile; fileRef = 7E80BFB12B42FCFD000679ED /* Preview Assets.xcassets */; };
		7E80BFBC2B42FCFD000679ED /* check_it_swiftuiTests.swift in Sources */ = {isa = PBXBuildFile; fileRef = 7E80BFBB2B42FCFD000679ED /* check_it_swiftuiTests.swift */; };
		7E80BFC62B42FCFD000679ED /* check_it_swiftuiUITests.swift in Sources */ = {isa = PBXBuildFile; fileRef = 7E80BFC52B42FCFD000679ED /* check_it_swiftuiUITests.swift */; };
		7E80BFC82B42FCFD000679ED /* check_it_swiftuiUITestsLaunchTests.swift in Sources */ = {isa = PBXBuildFile; fileRef = 7E80BFC72B42FCFD000679ED /* check_it_swiftuiUITestsLaunchTests.swift */; };
/* End PBXBuildFile section */

/* Begin PBXContainerItemProxy section */
		7E80BFB82B42FCFD000679ED /* PBXContainerItemProxy */ = {
			isa = PBXContainerItemProxy;
			containerPortal = 7E80BF9F2B42FCFC000679ED /* Project object */;
			proxyType = 1;
			remoteGlobalIDString = 7E80BFA62B42FCFC000679ED;
			remoteInfo = check_it_swiftui;
		};
		7E80BFC22B42FCFD000679ED /* PBXContainerItemProxy */ = {
			isa = PBXContainerItemProxy;
			containerPortal = 7E80BF9F2B42FCFC000679ED /* Project object */;
			proxyType = 1;
			remoteGlobalIDString = 7E80BFA62B42FCFC000679ED;
			remoteInfo = check_it_swiftui;
		};
/* End PBXContainerItemProxy section */

/* Begin PBXFileReference section */
		7E217C112B64393C00647BDD /* SplashView.swift */ = {isa = PBXFileReference; lastKnownFileType = sourcecode.swift; path = SplashView.swift; sourceTree = "<group>"; };
		7E217C132B64394B00647BDD /* OnboardingView.swift */ = {isa = PBXFileReference; lastKnownFileType = sourcecode.swift; path = OnboardingView.swift; sourceTree = "<group>"; };
		7E217C162B64397400647BDD /* OnboardingPageItemView.swift */ = {isa = PBXFileReference; lastKnownFileType = sourcecode.swift; path = OnboardingPageItemView.swift; sourceTree = "<group>"; };
		7E217C1A2B6439E700647BDD /* UserDetailsView.swift */ = {isa = PBXFileReference; lastKnownFileType = sourcecode.swift; path = UserDetailsView.swift; sourceTree = "<group>"; };
		7E217C1C2B6439EF00647BDD /* UserListView.swift */ = {isa = PBXFileReference; lastKnownFileType = sourcecode.swift; path = UserListView.swift; sourceTree = "<group>"; };
		7E217C1F2B643A2400647BDD /* UserRecentRepositoriesView.swift */ = {isa = PBXFileReference; lastKnownFileType = sourcecode.swift; path = UserRecentRepositoriesView.swift; sourceTree = "<group>"; };
		7E217C212B643A5000647BDD /* UserDetailsDescriptionView.swift */ = {isa = PBXFileReference; lastKnownFileType = sourcecode.swift; path = UserDetailsDescriptionView.swift; sourceTree = "<group>"; };
		7E217C232B643A8C00647BDD /* UserRecentRepositoriesItemView.swift */ = {isa = PBXFileReference; lastKnownFileType = sourcecode.swift; path = UserRecentRepositoriesItemView.swift; sourceTree = "<group>"; };
		7E217C252B643A9E00647BDD /* UserDetailsHeaderView.swift */ = {isa = PBXFileReference; lastKnownFileType = sourcecode.swift; path = UserDetailsHeaderView.swift; sourceTree = "<group>"; };
		7E217C282B643ACB00647BDD /* UserListHeaderView.swift */ = {isa = PBXFileReference; lastKnownFileType = sourcecode.swift; path = UserListHeaderView.swift; sourceTree = "<group>"; };
		7E217C2A2B643AD800647BDD /* UserListItemView.swift */ = {isa = PBXFileReference; lastKnownFileType = sourcecode.swift; path = UserListItemView.swift; sourceTree = "<group>"; };
		7E217C2C2B643AFA00647BDD /* UserListSearchTextField.swift */ = {isa = PBXFileReference; lastKnownFileType = sourcecode.swift; path = UserListSearchTextField.swift; sourceTree = "<group>"; };
		7E217C332B65724500647BDD /* Colors.xcassets */ = {isa = PBXFileReference; lastKnownFileType = folder.assetcatalog; path = Colors.xcassets; sourceTree = "<group>"; };
		7E217C342B65724500647BDD /* Assets.xcassets */ = {isa = PBXFileReference; lastKnownFileType = folder.assetcatalog; path = Assets.xcassets; sourceTree = "<group>"; };
		7E217C372B65724500647BDD /* NunitoSans_7pt-Medium.ttf */ = {isa = PBXFileReference; lastKnownFileType = file; path = "NunitoSans_7pt-Medium.ttf"; sourceTree = "<group>"; };
		7E217C382B65724500647BDD /* NunitoSans_7pt-LightItalic.ttf */ = {isa = PBXFileReference; lastKnownFileType = file; path = "NunitoSans_7pt-LightItalic.ttf"; sourceTree = "<group>"; };
		7E217C392B65724600647BDD /* NunitoSans_7pt-SemiBold.ttf */ = {isa = PBXFileReference; lastKnownFileType = file; path = "NunitoSans_7pt-SemiBold.ttf"; sourceTree = "<group>"; };
		7E217C3A2B65724600647BDD /* NunitoSans_7pt-BlackItalic.ttf */ = {isa = PBXFileReference; lastKnownFileType = file; path = "NunitoSans_7pt-BlackItalic.ttf"; sourceTree = "<group>"; };
		7E217C3B2B65724600647BDD /* NunitoSans_7pt-Light.ttf */ = {isa = PBXFileReference; lastKnownFileType = file; path = "NunitoSans_7pt-Light.ttf"; sourceTree = "<group>"; };
		7E217C3C2B65724600647BDD /* NunitoSans_7pt-ExtraBoldItalic.ttf */ = {isa = PBXFileReference; lastKnownFileType = file; path = "NunitoSans_7pt-ExtraBoldItalic.ttf"; sourceTree = "<group>"; };
		7E217C3D2B65724600647BDD /* NunitoSans_7pt-ExtraLight.ttf */ = {isa = PBXFileReference; lastKnownFileType = file; path = "NunitoSans_7pt-ExtraLight.ttf"; sourceTree = "<group>"; };
		7E217C3E2B65724600647BDD /* NunitoSans_7pt-SemiBoldItalic.ttf */ = {isa = PBXFileReference; lastKnownFileType = file; path = "NunitoSans_7pt-SemiBoldItalic.ttf"; sourceTree = "<group>"; };
		7E217C3F2B65724600647BDD /* NunitoSans_7pt-Black.ttf */ = {isa = PBXFileReference; lastKnownFileType = file; path = "NunitoSans_7pt-Black.ttf"; sourceTree = "<group>"; };
		7E217C402B65724600647BDD /* NunitoSans_7pt-BoldItalic.ttf */ = {isa = PBXFileReference; lastKnownFileType = file; path = "NunitoSans_7pt-BoldItalic.ttf"; sourceTree = "<group>"; };
		7E217C412B65724600647BDD /* NunitoSans_7pt-ExtraBold.ttf */ = {isa = PBXFileReference; lastKnownFileType = file; path = "NunitoSans_7pt-ExtraBold.ttf"; sourceTree = "<group>"; };
		7E217C422B65724600647BDD /* NunitoSans_7pt-MediumItalic.ttf */ = {isa = PBXFileReference; lastKnownFileType = file; path = "NunitoSans_7pt-MediumItalic.ttf"; sourceTree = "<group>"; };
		7E217C432B65724600647BDD /* NunitoSans_7pt-ExtraLightItalic.ttf */ = {isa = PBXFileReference; lastKnownFileType = file; path = "NunitoSans_7pt-ExtraLightItalic.ttf"; sourceTree = "<group>"; };
		7E217C442B65724600647BDD /* NunitoSans_7pt-Italic.ttf */ = {isa = PBXFileReference; lastKnownFileType = file; path = "NunitoSans_7pt-Italic.ttf"; sourceTree = "<group>"; };
		7E217C452B65724600647BDD /* NunitoSans_7pt-Regular.ttf */ = {isa = PBXFileReference; lastKnownFileType = file; path = "NunitoSans_7pt-Regular.ttf"; sourceTree = "<group>"; };
		7E217C462B65724600647BDD /* NunitoSans_7pt-Bold.ttf */ = {isa = PBXFileReference; lastKnownFileType = file; path = "NunitoSans_7pt-Bold.ttf"; sourceTree = "<group>"; };
		7E217C5E2B65726000647BDD /* OnboardingData.swift */ = {isa = PBXFileReference; fileEncoding = 4; lastKnownFileType = sourcecode.swift; path = OnboardingData.swift; sourceTree = "<group>"; };
		7E217C612B65726000647BDD /* PublicRepositoryListResponse.swift */ = {isa = PBXFileReference; fileEncoding = 4; lastKnownFileType = sourcecode.swift; path = PublicRepositoryListResponse.swift; sourceTree = "<group>"; };
		7E217C652B65726000647BDD /* HTTPClient.swift */ = {isa = PBXFileReference; fileEncoding = 4; lastKnownFileType = sourcecode.swift; path = HTTPClient.swift; sourceTree = "<group>"; };
		7E217C662B65726000647BDD /* HTTPClientImpl.swift */ = {isa = PBXFileReference; fileEncoding = 4; lastKnownFileType = sourcecode.swift; path = HTTPClientImpl.swift; sourceTree = "<group>"; };
		7E217C6C2B65726000647BDD /* GithubRepository.swift */ = {isa = PBXFileReference; fileEncoding = 4; lastKnownFileType = sourcecode.swift; path = GithubRepository.swift; sourceTree = "<group>"; };
		7E217C6D2B65726000647BDD /* GithubRepositoryImpl.swift */ = {isa = PBXFileReference; fileEncoding = 4; lastKnownFileType = sourcecode.swift; path = GithubRepositoryImpl.swift; sourceTree = "<group>"; };
		7E217C702B65726000647BDD /* GithubAPI.swift */ = {isa = PBXFileReference; fileEncoding = 4; lastKnownFileType = sourcecode.swift; path = GithubAPI.swift; sourceTree = "<group>"; };
		7E217C7B2B65736C00647BDD /* RepositoryProvider.swift */ = {isa = PBXFileReference; fileEncoding = 4; lastKnownFileType = sourcecode.swift; path = RepositoryProvider.swift; sourceTree = "<group>"; };
		7E217C7E2B65736C00647BDD /* ColorExtension.swift */ = {isa = PBXFileReference; fileEncoding = 4; lastKnownFileType = sourcecode.swift; path = ColorExtension.swift; sourceTree = "<group>"; };
		7E217C7F2B65736C00647BDD /* Environment.swift */ = {isa = PBXFileReference; fileEncoding = 4; lastKnownFileType = sourcecode.swift; path = Environment.swift; sourceTree = "<group>"; };
		7E217C812B65736C00647BDD /* CustomDataError.swift */ = {isa = PBXFileReference; fileEncoding = 4; lastKnownFileType = sourcecode.swift; path = CustomDataError.swift; sourceTree = "<group>"; };
		7E217C822B65736C00647BDD /* HTTPConstants.swift */ = {isa = PBXFileReference; fileEncoding = 4; lastKnownFileType = sourcecode.swift; path = HTTPConstants.swift; sourceTree = "<group>"; };
		7E217C8E2B65C66E00647BDD /* Fonts.swift */ = {isa = PBXFileReference; fileEncoding = 4; lastKnownFileType = sourcecode.swift; path = Fonts.swift; sourceTree = "<group>"; };
		7E217C8F2B65C66E00647BDD /* Assets.swift */ = {isa = PBXFileReference; fileEncoding = 4; lastKnownFileType = sourcecode.swift; path = Assets.swift; sourceTree = "<group>"; };
		7E217C922B65CE6E00647BDD /* ViewExtension.swift */ = {isa = PBXFileReference; lastKnownFileType = sourcecode.swift; path = ViewExtension.swift; sourceTree = "<group>"; };
		7E217C942B65E05800647BDD /* check-it-swiftui-Info.plist */ = {isa = PBXFileReference; lastKnownFileType = text.plist; path = "check-it-swiftui-Info.plist"; sourceTree = SOURCE_ROOT; };
		7E80BFA72B42FCFC000679ED /* check_it_swiftui.app */ = {isa = PBXFileReference; explicitFileType = wrapper.application; includeInIndex = 0; path = check_it_swiftui.app; sourceTree = BUILT_PRODUCTS_DIR; };
		7E80BFAA2B42FCFC000679ED /* CheckItApp.swift */ = {isa = PBXFileReference; lastKnownFileType = sourcecode.swift; path = CheckItApp.swift; sourceTree = "<group>"; };
		7E80BFAC2B42FCFC000679ED /* ContentView.swift */ = {isa = PBXFileReference; lastKnownFileType = sourcecode.swift; path = ContentView.swift; sourceTree = "<group>"; };
		7E80BFB12B42FCFD000679ED /* Preview Assets.xcassets */ = {isa = PBXFileReference; lastKnownFileType = folder.assetcatalog; path = "Preview Assets.xcassets"; sourceTree = "<group>"; };
		7E80BFB72B42FCFD000679ED /* check_it_swiftuiTests.xctest */ = {isa = PBXFileReference; explicitFileType = wrapper.cfbundle; includeInIndex = 0; path = check_it_swiftuiTests.xctest; sourceTree = BUILT_PRODUCTS_DIR; };
		7E80BFBB2B42FCFD000679ED /* check_it_swiftuiTests.swift */ = {isa = PBXFileReference; lastKnownFileType = sourcecode.swift; path = check_it_swiftuiTests.swift; sourceTree = "<group>"; };
		7E80BFC12B42FCFD000679ED /* check_it_swiftuiUITests.xctest */ = {isa = PBXFileReference; explicitFileType = wrapper.cfbundle; includeInIndex = 0; path = check_it_swiftuiUITests.xctest; sourceTree = BUILT_PRODUCTS_DIR; };
		7E80BFC52B42FCFD000679ED /* check_it_swiftuiUITests.swift */ = {isa = PBXFileReference; lastKnownFileType = sourcecode.swift; path = check_it_swiftuiUITests.swift; sourceTree = "<group>"; };
		7E80BFC72B42FCFD000679ED /* check_it_swiftuiUITestsLaunchTests.swift */ = {isa = PBXFileReference; lastKnownFileType = sourcecode.swift; path = check_it_swiftuiUITestsLaunchTests.swift; sourceTree = "<group>"; };
/* End PBXFileReference section */

/* Begin PBXFrameworksBuildPhase section */
		7E80BFA42B42FCFC000679ED /* Frameworks */ = {
			isa = PBXFrameworksBuildPhase;
			buildActionMask = 2147483647;
			files = (
			);
			runOnlyForDeploymentPostprocessing = 0;
		};
		7E80BFB42B42FCFD000679ED /* Frameworks */ = {
			isa = PBXFrameworksBuildPhase;
			buildActionMask = 2147483647;
			files = (
			);
			runOnlyForDeploymentPostprocessing = 0;
		};
		7E80BFBE2B42FCFD000679ED /* Frameworks */ = {
			isa = PBXFrameworksBuildPhase;
			buildActionMask = 2147483647;
			files = (
			);
			runOnlyForDeploymentPostprocessing = 0;
		};
/* End PBXFrameworksBuildPhase section */

/* Begin PBXGroup section */
		7E217C092B6438E900647BDD /* Resources */ = {
			isa = PBXGroup;
			children = (
				7E217C322B65724500647BDD /* Assets */,
				7E217C8E2B65C66E00647BDD /* Fonts.swift */,
				7E217C8F2B65C66E00647BDD /* Assets.swift */,
			);
			path = Resources;
			sourceTree = "<group>";
		};
		7E217C0A2B6438F100647BDD /* Application */ = {
			isa = PBXGroup;
			children = (
				7E80BFAA2B42FCFC000679ED /* CheckItApp.swift */,
				7E80BFAC2B42FCFC000679ED /* ContentView.swift */,
			);
			path = Application;
			sourceTree = "<group>";
		};
		7E217C0B2B6438FA00647BDD /* Core */ = {
			isa = PBXGroup;
			children = (
				7E217C802B65736C00647BDD /* Enums */,
				7E217C7C2B65736C00647BDD /* Extensions */,
				7E217C7F2B65736C00647BDD /* Environment.swift */,
				7E217C822B65736C00647BDD /* HTTPConstants.swift */,
				7E217C7B2B65736C00647BDD /* RepositoryProvider.swift */,
			);
			path = Core;
			sourceTree = "<group>";
		};
		7E217C0C2B64390400647BDD /* Data */ = {
			isa = PBXGroup;
			children = (
				7E217C6E2B65726000647BDD /* Datasources */,
				7E217C5D2B65726000647BDD /* Model */,
				7E217C6A2B65726000647BDD /* Repositories */,
				7E217C632B65726000647BDD /* Services */,
			);
			path = Data;
			sourceTree = "<group>";
		};
		7E217C0D2B64391100647BDD /* Modules */ = {
			isa = PBXGroup;
			children = (
				7E217C102B64392600647BDD /* Splash */,
				7E217C0F2B64392000647BDD /* Onboarding */,
				7E217C0E2B64391A00647BDD /* User */,
			);
			path = Modules;
			sourceTree = "<group>";
		};
		7E217C0E2B64391A00647BDD /* User */ = {
			isa = PBXGroup;
			children = (
				7E217C182B6439C200647BDD /* User Details */,
				7E217C192B6439CA00647BDD /* User List */,
			);
			path = User;
			sourceTree = "<group>";
		};
		7E217C0F2B64392000647BDD /* Onboarding */ = {
			isa = PBXGroup;
			children = (
				7E217C152B64395800647BDD /* Views */,
				7E217C132B64394B00647BDD /* OnboardingView.swift */,
			);
			path = Onboarding;
			sourceTree = "<group>";
		};
		7E217C102B64392600647BDD /* Splash */ = {
			isa = PBXGroup;
			children = (
				7E217C112B64393C00647BDD /* SplashView.swift */,
			);
			path = Splash;
			sourceTree = "<group>";
		};
		7E217C152B64395800647BDD /* Views */ = {
			isa = PBXGroup;
			children = (
				7E217C162B64397400647BDD /* OnboardingPageItemView.swift */,
			);
			path = Views;
			sourceTree = "<group>";
		};
		7E217C182B6439C200647BDD /* User Details */ = {
			isa = PBXGroup;
			children = (
				7E217C1E2B6439FD00647BDD /* Views */,
				7E217C1A2B6439E700647BDD /* UserDetailsView.swift */,
			);
			path = "User Details";
			sourceTree = "<group>";
		};
		7E217C192B6439CA00647BDD /* User List */ = {
			isa = PBXGroup;
			children = (
				7E217C272B643AAA00647BDD /* Views */,
				7E217C1C2B6439EF00647BDD /* UserListView.swift */,
			);
			path = "User List";
			sourceTree = "<group>";
		};
		7E217C1E2B6439FD00647BDD /* Views */ = {
			isa = PBXGroup;
			children = (
				7E217C1F2B643A2400647BDD /* UserRecentRepositoriesView.swift */,
				7E217C212B643A5000647BDD /* UserDetailsDescriptionView.swift */,
				7E217C232B643A8C00647BDD /* UserRecentRepositoriesItemView.swift */,
				7E217C252B643A9E00647BDD /* UserDetailsHeaderView.swift */,
			);
			path = Views;
			sourceTree = "<group>";
		};
		7E217C272B643AAA00647BDD /* Views */ = {
			isa = PBXGroup;
			children = (
				7E217C282B643ACB00647BDD /* UserListHeaderView.swift */,
				7E217C2A2B643AD800647BDD /* UserListItemView.swift */,
				7E217C2C2B643AFA00647BDD /* UserListSearchTextField.swift */,
			);
			path = Views;
			sourceTree = "<group>";
		};
		7E217C322B65724500647BDD /* Assets */ = {
			isa = PBXGroup;
			children = (
				7E217C332B65724500647BDD /* Colors.xcassets */,
				7E217C342B65724500647BDD /* Assets.xcassets */,
				7E217C352B65724500647BDD /* Fonts */,
			);
			path = Assets;
			sourceTree = "<group>";
		};
		7E217C352B65724500647BDD /* Fonts */ = {
			isa = PBXGroup;
			children = (
				7E217C362B65724500647BDD /* Nunito Sans */,
			);
			path = Fonts;
			sourceTree = "<group>";
		};
		7E217C362B65724500647BDD /* Nunito Sans */ = {
			isa = PBXGroup;
			children = (
				7E217C372B65724500647BDD /* NunitoSans_7pt-Medium.ttf */,
				7E217C382B65724500647BDD /* NunitoSans_7pt-LightItalic.ttf */,
				7E217C392B65724600647BDD /* NunitoSans_7pt-SemiBold.ttf */,
				7E217C3A2B65724600647BDD /* NunitoSans_7pt-BlackItalic.ttf */,
				7E217C3B2B65724600647BDD /* NunitoSans_7pt-Light.ttf */,
				7E217C3C2B65724600647BDD /* NunitoSans_7pt-ExtraBoldItalic.ttf */,
				7E217C3D2B65724600647BDD /* NunitoSans_7pt-ExtraLight.ttf */,
				7E217C3E2B65724600647BDD /* NunitoSans_7pt-SemiBoldItalic.ttf */,
				7E217C3F2B65724600647BDD /* NunitoSans_7pt-Black.ttf */,
				7E217C402B65724600647BDD /* NunitoSans_7pt-BoldItalic.ttf */,
				7E217C412B65724600647BDD /* NunitoSans_7pt-ExtraBold.ttf */,
				7E217C422B65724600647BDD /* NunitoSans_7pt-MediumItalic.ttf */,
				7E217C432B65724600647BDD /* NunitoSans_7pt-ExtraLightItalic.ttf */,
				7E217C442B65724600647BDD /* NunitoSans_7pt-Italic.ttf */,
				7E217C452B65724600647BDD /* NunitoSans_7pt-Regular.ttf */,
				7E217C462B65724600647BDD /* NunitoSans_7pt-Bold.ttf */,
			);
			path = "Nunito Sans";
			sourceTree = "<group>";
		};
		7E217C5D2B65726000647BDD /* Model */ = {
			isa = PBXGroup;
			children = (
				7E217C5F2B65726000647BDD /* DTOs */,
				7E217C5E2B65726000647BDD /* OnboardingData.swift */,
			);
			path = Model;
			sourceTree = "<group>";
		};
		7E217C5F2B65726000647BDD /* DTOs */ = {
			isa = PBXGroup;
			children = (
				7E217C602B65726000647BDD /* Responses */,
			);
			path = DTOs;
			sourceTree = "<group>";
		};
		7E217C602B65726000647BDD /* Responses */ = {
			isa = PBXGroup;
			children = (
				7E217C612B65726000647BDD /* PublicRepositoryListResponse.swift */,
			);
			path = Responses;
			sourceTree = "<group>";
		};
		7E217C632B65726000647BDD /* Services */ = {
			isa = PBXGroup;
			children = (
				7E217C642B65726000647BDD /* HTTP Client */,
			);
			path = Services;
			sourceTree = "<group>";
		};
		7E217C642B65726000647BDD /* HTTP Client */ = {
			isa = PBXGroup;
			children = (
				7E217C652B65726000647BDD /* HTTPClient.swift */,
				7E217C662B65726000647BDD /* HTTPClientImpl.swift */,
			);
			path = "HTTP Client";
			sourceTree = "<group>";
		};
		7E217C6A2B65726000647BDD /* Repositories */ = {
			isa = PBXGroup;
			children = (
				7E217C6B2B65726000647BDD /* Github Repository */,
			);
			path = Repositories;
			sourceTree = "<group>";
		};
		7E217C6B2B65726000647BDD /* Github Repository */ = {
			isa = PBXGroup;
			children = (
				7E217C6C2B65726000647BDD /* GithubRepository.swift */,
				7E217C6D2B65726000647BDD /* GithubRepositoryImpl.swift */,
			);
			path = "Github Repository";
			sourceTree = "<group>";
		};
		7E217C6E2B65726000647BDD /* Datasources */ = {
			isa = PBXGroup;
			children = (
				7E217C6F2B65726000647BDD /* Github API */,
			);
			path = Datasources;
			sourceTree = "<group>";
		};
		7E217C6F2B65726000647BDD /* Github API */ = {
			isa = PBXGroup;
			children = (
				7E217C702B65726000647BDD /* GithubAPI.swift */,
			);
			path = "Github API";
			sourceTree = "<group>";
		};
		7E217C7C2B65736C00647BDD /* Extensions */ = {
			isa = PBXGroup;
			children = (
				7E217C7E2B65736C00647BDD /* ColorExtension.swift */,
				7E217C922B65CE6E00647BDD /* ViewExtension.swift */,
			);
			path = Extensions;
			sourceTree = "<group>";
		};
		7E217C802B65736C00647BDD /* Enums */ = {
			isa = PBXGroup;
			children = (
				7E217C812B65736C00647BDD /* CustomDataError.swift */,
			);
			path = Enums;
			sourceTree = "<group>";
		};
		7E80BF9E2B42FCFC000679ED = {
			isa = PBXGroup;
			children = (
				7E80BFA92B42FCFC000679ED /* check_it_swiftui */,
				7E80BFBA2B42FCFD000679ED /* check_it_swiftuiTests */,
				7E80BFC42B42FCFD000679ED /* check_it_swiftuiUITests */,
				7E80BFA82B42FCFC000679ED /* Products */,
			);
			sourceTree = "<group>";
		};
		7E80BFA82B42FCFC000679ED /* Products */ = {
			isa = PBXGroup;
			children = (
				7E80BFA72B42FCFC000679ED /* check_it_swiftui.app */,
				7E80BFB72B42FCFD000679ED /* check_it_swiftuiTests.xctest */,
				7E80BFC12B42FCFD000679ED /* check_it_swiftuiUITests.xctest */,
			);
			name = Products;
			sourceTree = "<group>";
		};
		7E80BFA92B42FCFC000679ED /* check_it_swiftui */ = {
			isa = PBXGroup;
			children = (
				7E217C942B65E05800647BDD /* check-it-swiftui-Info.plist */,
				7E217C092B6438E900647BDD /* Resources */,
				7E217C0A2B6438F100647BDD /* Application */,
				7E217C0B2B6438FA00647BDD /* Core */,
				7E217C0C2B64390400647BDD /* Data */,
				7E217C0D2B64391100647BDD /* Modules */,
				7E80BFB02B42FCFD000679ED /* Preview Content */,
			);
			path = check_it_swiftui;
			sourceTree = "<group>";
		};
		7E80BFB02B42FCFD000679ED /* Preview Content */ = {
			isa = PBXGroup;
			children = (
				7E80BFB12B42FCFD000679ED /* Preview Assets.xcassets */,
			);
			path = "Preview Content";
			sourceTree = "<group>";
		};
		7E80BFBA2B42FCFD000679ED /* check_it_swiftuiTests */ = {
			isa = PBXGroup;
			children = (
				7E80BFBB2B42FCFD000679ED /* check_it_swiftuiTests.swift */,
			);
			path = check_it_swiftuiTests;
			sourceTree = "<group>";
		};
		7E80BFC42B42FCFD000679ED /* check_it_swiftuiUITests */ = {
			isa = PBXGroup;
			children = (
				7E80BFC52B42FCFD000679ED /* check_it_swiftuiUITests.swift */,
				7E80BFC72B42FCFD000679ED /* check_it_swiftuiUITestsLaunchTests.swift */,
			);
			path = check_it_swiftuiUITests;
			sourceTree = "<group>";
		};
/* End PBXGroup section */

/* Begin PBXNativeTarget section */
		7E80BFA62B42FCFC000679ED /* check_it_swiftui */ = {
			isa = PBXNativeTarget;
			buildConfigurationList = 7E80BFCB2B42FCFD000679ED /* Build configuration list for PBXNativeTarget "check_it_swiftui" */;
			buildPhases = (
				7E80BFA32B42FCFC000679ED /* Sources */,
				7E80BFA42B42FCFC000679ED /* Frameworks */,
				7E80BFA52B42FCFC000679ED /* Resources */,
			);
			buildRules = (
			);
			dependencies = (
			);
			name = check_it_swiftui;
			productName = check_it_swiftui;
			productReference = 7E80BFA72B42FCFC000679ED /* check_it_swiftui.app */;
			productType = "com.apple.product-type.application";
		};
		7E80BFB62B42FCFD000679ED /* check_it_swiftuiTests */ = {
			isa = PBXNativeTarget;
			buildConfigurationList = 7E80BFCE2B42FCFD000679ED /* Build configuration list for PBXNativeTarget "check_it_swiftuiTests" */;
			buildPhases = (
				7E80BFB32B42FCFD000679ED /* Sources */,
				7E80BFB42B42FCFD000679ED /* Frameworks */,
				7E80BFB52B42FCFD000679ED /* Resources */,
			);
			buildRules = (
			);
			dependencies = (
				7E80BFB92B42FCFD000679ED /* PBXTargetDependency */,
			);
			name = check_it_swiftuiTests;
			productName = check_it_swiftuiTests;
			productReference = 7E80BFB72B42FCFD000679ED /* check_it_swiftuiTests.xctest */;
			productType = "com.apple.product-type.bundle.unit-test";
		};
		7E80BFC02B42FCFD000679ED /* check_it_swiftuiUITests */ = {
			isa = PBXNativeTarget;
			buildConfigurationList = 7E80BFD12B42FCFD000679ED /* Build configuration list for PBXNativeTarget "check_it_swiftuiUITests" */;
			buildPhases = (
				7E80BFBD2B42FCFD000679ED /* Sources */,
				7E80BFBE2B42FCFD000679ED /* Frameworks */,
				7E80BFBF2B42FCFD000679ED /* Resources */,
			);
			buildRules = (
			);
			dependencies = (
				7E80BFC32B42FCFD000679ED /* PBXTargetDependency */,
			);
			name = check_it_swiftuiUITests;
			productName = check_it_swiftuiUITests;
			productReference = 7E80BFC12B42FCFD000679ED /* check_it_swiftuiUITests.xctest */;
			productType = "com.apple.product-type.bundle.ui-testing";
		};
/* End PBXNativeTarget section */

/* Begin PBXProject section */
		7E80BF9F2B42FCFC000679ED /* Project object */ = {
			isa = PBXProject;
			attributes = {
				BuildIndependentTargetsInParallel = 1;
				LastSwiftUpdateCheck = 1510;
				LastUpgradeCheck = 1510;
				TargetAttributes = {
					7E80BFA62B42FCFC000679ED = {
						CreatedOnToolsVersion = 15.1;
					};
					7E80BFB62B42FCFD000679ED = {
						CreatedOnToolsVersion = 15.1;
						TestTargetID = 7E80BFA62B42FCFC000679ED;
					};
					7E80BFC02B42FCFD000679ED = {
						CreatedOnToolsVersion = 15.1;
						TestTargetID = 7E80BFA62B42FCFC000679ED;
					};
				};
			};
			buildConfigurationList = 7E80BFA22B42FCFC000679ED /* Build configuration list for PBXProject "check_it_swiftui" */;
			compatibilityVersion = "Xcode 14.0";
			developmentRegion = en;
			hasScannedForEncodings = 0;
			knownRegions = (
				en,
				Base,
			);
			mainGroup = 7E80BF9E2B42FCFC000679ED;
			productRefGroup = 7E80BFA82B42FCFC000679ED /* Products */;
			projectDirPath = "";
			projectRoot = "";
			targets = (
				7E80BFA62B42FCFC000679ED /* check_it_swiftui */,
				7E80BFB62B42FCFD000679ED /* check_it_swiftuiTests */,
				7E80BFC02B42FCFD000679ED /* check_it_swiftuiUITests */,
			);
		};
/* End PBXProject section */

/* Begin PBXResourcesBuildPhase section */
		7E80BFA52B42FCFC000679ED /* Resources */ = {
			isa = PBXResourcesBuildPhase;
			buildActionMask = 2147483647;
			files = (
				7E217C4D2B65724600647BDD /* NunitoSans_7pt-SemiBold.ttf in Resources */,
				7E217C4F2B65724600647BDD /* NunitoSans_7pt-Light.ttf in Resources */,
				7E217C572B65724600647BDD /* NunitoSans_7pt-ExtraLightItalic.ttf in Resources */,
				7E217C552B65724600647BDD /* NunitoSans_7pt-ExtraBold.ttf in Resources */,
				7E217C582B65724600647BDD /* NunitoSans_7pt-Italic.ttf in Resources */,
				7E217C592B65724600647BDD /* NunitoSans_7pt-Regular.ttf in Resources */,
				7E217C512B65724600647BDD /* NunitoSans_7pt-ExtraLight.ttf in Resources */,
				7E217C492B65724600647BDD /* Colors.xcassets in Resources */,
				7E80BFB22B42FCFD000679ED /* Preview Assets.xcassets in Resources */,
				7E217C5A2B65724600647BDD /* NunitoSans_7pt-Bold.ttf in Resources */,
				7E217C4B2B65724600647BDD /* NunitoSans_7pt-Medium.ttf in Resources */,
				7E217C4C2B65724600647BDD /* NunitoSans_7pt-LightItalic.ttf in Resources */,
				7E217C502B65724600647BDD /* NunitoSans_7pt-ExtraBoldItalic.ttf in Resources */,
				7E217C532B65724600647BDD /* NunitoSans_7pt-Black.ttf in Resources */,
				7E217C4A2B65724600647BDD /* Assets.xcassets in Resources */,
				7E217C562B65724600647BDD /* NunitoSans_7pt-MediumItalic.ttf in Resources */,
				7E217C522B65724600647BDD /* NunitoSans_7pt-SemiBoldItalic.ttf in Resources */,
				7E217C4E2B65724600647BDD /* NunitoSans_7pt-BlackItalic.ttf in Resources */,
				7E217C542B65724600647BDD /* NunitoSans_7pt-BoldItalic.ttf in Resources */,
			);
			runOnlyForDeploymentPostprocessing = 0;
		};
		7E80BFB52B42FCFD000679ED /* Resources */ = {
			isa = PBXResourcesBuildPhase;
			buildActionMask = 2147483647;
			files = (
			);
			runOnlyForDeploymentPostprocessing = 0;
		};
		7E80BFBF2B42FCFD000679ED /* Resources */ = {
			isa = PBXResourcesBuildPhase;
			buildActionMask = 2147483647;
			files = (
			);
			runOnlyForDeploymentPostprocessing = 0;
		};
/* End PBXResourcesBuildPhase section */

/* Begin PBXSourcesBuildPhase section */
		7E80BFA32B42FCFC000679ED /* Sources */ = {
			isa = PBXSourcesBuildPhase;
			buildActionMask = 2147483647;
			files = (
				7E217C902B65C66E00647BDD /* Fonts.swift in Sources */,
				7E217C1D2B6439EF00647BDD /* UserListView.swift in Sources */,
				7E217C712B65726000647BDD /* OnboardingData.swift in Sources */,
				7E217C752B65726000647BDD /* HTTPClientImpl.swift in Sources */,
				7E80BFAD2B42FCFC000679ED /* ContentView.swift in Sources */,
				7E217C2D2B643AFA00647BDD /* UserListSearchTextField.swift in Sources */,
				7E217C872B65736C00647BDD /* CustomDataError.swift in Sources */,
				7E217C742B65726000647BDD /* HTTPClient.swift in Sources */,
				7E217C142B64394B00647BDD /* OnboardingView.swift in Sources */,
				7E217C792B65726000647BDD /* GithubRepositoryImpl.swift in Sources */,
				7E217C912B65C66E00647BDD /* Assets.swift in Sources */,
				7E217C242B643A8C00647BDD /* UserRecentRepositoriesItemView.swift in Sources */,
				7E217C722B65726000647BDD /* PublicRepositoryListResponse.swift in Sources */,
				7E217C782B65726000647BDD /* GithubRepository.swift in Sources */,
				7E217C7A2B65726000647BDD /* GithubAPI.swift in Sources */,
				7E80BFAB2B42FCFC000679ED /* CheckItApp.swift in Sources */,
				7E217C222B643A5000647BDD /* UserDetailsDescriptionView.swift in Sources */,
				7E217C862B65736C00647BDD /* Environment.swift in Sources */,
				7E217C2B2B643AD800647BDD /* UserListItemView.swift in Sources */,
				7E217C882B65736C00647BDD /* HTTPConstants.swift in Sources */,
				7E217C292B643ACB00647BDD /* UserListHeaderView.swift in Sources */,
				7E217C202B643A2400647BDD /* UserRecentRepositoriesView.swift in Sources */,
				7E217C122B64393C00647BDD /* SplashView.swift in Sources */,
				7E217C932B65CE6E00647BDD /* ViewExtension.swift in Sources */,
				7E217C832B65736C00647BDD /* RepositoryProvider.swift in Sources */,
				7E217C262B643A9E00647BDD /* UserDetailsHeaderView.swift in Sources */,
				7E217C1B2B6439E700647BDD /* UserDetailsView.swift in Sources */,
				7E217C852B65736C00647BDD /* ColorExtension.swift in Sources */,
				7E217C172B64397400647BDD /* OnboardingPageItemView.swift in Sources */,
			);
			runOnlyForDeploymentPostprocessing = 0;
		};
		7E80BFB32B42FCFD000679ED /* Sources */ = {
			isa = PBXSourcesBuildPhase;
			buildActionMask = 2147483647;
			files = (
				7E80BFBC2B42FCFD000679ED /* check_it_swiftuiTests.swift in Sources */,
			);
			runOnlyForDeploymentPostprocessing = 0;
		};
		7E80BFBD2B42FCFD000679ED /* Sources */ = {
			isa = PBXSourcesBuildPhase;
			buildActionMask = 2147483647;
			files = (
				7E80BFC82B42FCFD000679ED /* check_it_swiftuiUITestsLaunchTests.swift in Sources */,
				7E80BFC62B42FCFD000679ED /* check_it_swiftuiUITests.swift in Sources */,
			);
			runOnlyForDeploymentPostprocessing = 0;
		};
/* End PBXSourcesBuildPhase section */

/* Begin PBXTargetDependency section */
		7E80BFB92B42FCFD000679ED /* PBXTargetDependency */ = {
			isa = PBXTargetDependency;
			target = 7E80BFA62B42FCFC000679ED /* check_it_swiftui */;
			targetProxy = 7E80BFB82B42FCFD000679ED /* PBXContainerItemProxy */;
		};
		7E80BFC32B42FCFD000679ED /* PBXTargetDependency */ = {
			isa = PBXTargetDependency;
			target = 7E80BFA62B42FCFC000679ED /* check_it_swiftui */;
			targetProxy = 7E80BFC22B42FCFD000679ED /* PBXContainerItemProxy */;
		};
/* End PBXTargetDependency section */

/* Begin XCBuildConfiguration section */
		7E80BFC92B42FCFD000679ED /* Debug */ = {
			isa = XCBuildConfiguration;
			buildSettings = {
				ALWAYS_SEARCH_USER_PATHS = NO;
				ASSETCATALOG_COMPILER_GENERATE_SWIFT_ASSET_SYMBOL_EXTENSIONS = YES;
				CLANG_ANALYZER_NONNULL = YES;
				CLANG_ANALYZER_NUMBER_OBJECT_CONVERSION = YES_AGGRESSIVE;
				CLANG_CXX_LANGUAGE_STANDARD = "gnu++20";
				CLANG_ENABLE_MODULES = YES;
				CLANG_ENABLE_OBJC_ARC = YES;
				CLANG_ENABLE_OBJC_WEAK = YES;
				CLANG_WARN_BLOCK_CAPTURE_AUTORELEASING = YES;
				CLANG_WARN_BOOL_CONVERSION = YES;
				CLANG_WARN_COMMA = YES;
				CLANG_WARN_CONSTANT_CONVERSION = YES;
				CLANG_WARN_DEPRECATED_OBJC_IMPLEMENTATIONS = YES;
				CLANG_WARN_DIRECT_OBJC_ISA_USAGE = YES_ERROR;
				CLANG_WARN_DOCUMENTATION_COMMENTS = YES;
				CLANG_WARN_EMPTY_BODY = YES;
				CLANG_WARN_ENUM_CONVERSION = YES;
				CLANG_WARN_INFINITE_RECURSION = YES;
				CLANG_WARN_INT_CONVERSION = YES;
				CLANG_WARN_NON_LITERAL_NULL_CONVERSION = YES;
				CLANG_WARN_OBJC_IMPLICIT_RETAIN_SELF = YES;
				CLANG_WARN_OBJC_LITERAL_CONVERSION = YES;
				CLANG_WARN_OBJC_ROOT_CLASS = YES_ERROR;
				CLANG_WARN_QUOTED_INCLUDE_IN_FRAMEWORK_HEADER = YES;
				CLANG_WARN_RANGE_LOOP_ANALYSIS = YES;
				CLANG_WARN_STRICT_PROTOTYPES = YES;
				CLANG_WARN_SUSPICIOUS_MOVE = YES;
				CLANG_WARN_UNGUARDED_AVAILABILITY = YES_AGGRESSIVE;
				CLANG_WARN_UNREACHABLE_CODE = YES;
				CLANG_WARN__DUPLICATE_METHOD_MATCH = YES;
				COPY_PHASE_STRIP = NO;
				DEBUG_INFORMATION_FORMAT = dwarf;
				ENABLE_STRICT_OBJC_MSGSEND = YES;
				ENABLE_TESTABILITY = YES;
				ENABLE_USER_SCRIPT_SANDBOXING = YES;
				GCC_C_LANGUAGE_STANDARD = gnu17;
				GCC_DYNAMIC_NO_PIC = NO;
				GCC_NO_COMMON_BLOCKS = YES;
				GCC_OPTIMIZATION_LEVEL = 0;
				GCC_PREPROCESSOR_DEFINITIONS = (
					"DEBUG=1",
					"$(inherited)",
				);
				GCC_WARN_64_TO_32_BIT_CONVERSION = YES;
				GCC_WARN_ABOUT_RETURN_TYPE = YES_ERROR;
				GCC_WARN_UNDECLARED_SELECTOR = YES;
				GCC_WARN_UNINITIALIZED_AUTOS = YES_AGGRESSIVE;
				GCC_WARN_UNUSED_FUNCTION = YES;
				GCC_WARN_UNUSED_VARIABLE = YES;
				IPHONEOS_DEPLOYMENT_TARGET = 17.2;
				LOCALIZATION_PREFERS_STRING_CATALOGS = YES;
				MTL_ENABLE_DEBUG_INFO = INCLUDE_SOURCE;
				MTL_FAST_MATH = YES;
				ONLY_ACTIVE_ARCH = YES;
				SDKROOT = iphoneos;
				SWIFT_ACTIVE_COMPILATION_CONDITIONS = "DEBUG $(inherited)";
				SWIFT_OPTIMIZATION_LEVEL = "-Onone";
			};
			name = Debug;
		};
		7E80BFCA2B42FCFD000679ED /* Release */ = {
			isa = XCBuildConfiguration;
			buildSettings = {
				ALWAYS_SEARCH_USER_PATHS = NO;
				ASSETCATALOG_COMPILER_GENERATE_SWIFT_ASSET_SYMBOL_EXTENSIONS = YES;
				CLANG_ANALYZER_NONNULL = YES;
				CLANG_ANALYZER_NUMBER_OBJECT_CONVERSION = YES_AGGRESSIVE;
				CLANG_CXX_LANGUAGE_STANDARD = "gnu++20";
				CLANG_ENABLE_MODULES = YES;
				CLANG_ENABLE_OBJC_ARC = YES;
				CLANG_ENABLE_OBJC_WEAK = YES;
				CLANG_WARN_BLOCK_CAPTURE_AUTORELEASING = YES;
				CLANG_WARN_BOOL_CONVERSION = YES;
				CLANG_WARN_COMMA = YES;
				CLANG_WARN_CONSTANT_CONVERSION = YES;
				CLANG_WARN_DEPRECATED_OBJC_IMPLEMENTATIONS = YES;
				CLANG_WARN_DIRECT_OBJC_ISA_USAGE = YES_ERROR;
				CLANG_WARN_DOCUMENTATION_COMMENTS = YES;
				CLANG_WARN_EMPTY_BODY = YES;
				CLANG_WARN_ENUM_CONVERSION = YES;
				CLANG_WARN_INFINITE_RECURSION = YES;
				CLANG_WARN_INT_CONVERSION = YES;
				CLANG_WARN_NON_LITERAL_NULL_CONVERSION = YES;
				CLANG_WARN_OBJC_IMPLICIT_RETAIN_SELF = YES;
				CLANG_WARN_OBJC_LITERAL_CONVERSION = YES;
				CLANG_WARN_OBJC_ROOT_CLASS = YES_ERROR;
				CLANG_WARN_QUOTED_INCLUDE_IN_FRAMEWORK_HEADER = YES;
				CLANG_WARN_RANGE_LOOP_ANALYSIS = YES;
				CLANG_WARN_STRICT_PROTOTYPES = YES;
				CLANG_WARN_SUSPICIOUS_MOVE = YES;
				CLANG_WARN_UNGUARDED_AVAILABILITY = YES_AGGRESSIVE;
				CLANG_WARN_UNREACHABLE_CODE = YES;
				CLANG_WARN__DUPLICATE_METHOD_MATCH = YES;
				COPY_PHASE_STRIP = NO;
				DEBUG_INFORMATION_FORMAT = "dwarf-with-dsym";
				ENABLE_NS_ASSERTIONS = NO;
				ENABLE_STRICT_OBJC_MSGSEND = YES;
				ENABLE_USER_SCRIPT_SANDBOXING = YES;
				GCC_C_LANGUAGE_STANDARD = gnu17;
				GCC_NO_COMMON_BLOCKS = YES;
				GCC_WARN_64_TO_32_BIT_CONVERSION = YES;
				GCC_WARN_ABOUT_RETURN_TYPE = YES_ERROR;
				GCC_WARN_UNDECLARED_SELECTOR = YES;
				GCC_WARN_UNINITIALIZED_AUTOS = YES_AGGRESSIVE;
				GCC_WARN_UNUSED_FUNCTION = YES;
				GCC_WARN_UNUSED_VARIABLE = YES;
				IPHONEOS_DEPLOYMENT_TARGET = 17.2;
				LOCALIZATION_PREFERS_STRING_CATALOGS = YES;
				MTL_ENABLE_DEBUG_INFO = NO;
				MTL_FAST_MATH = YES;
				SDKROOT = iphoneos;
				SWIFT_COMPILATION_MODE = wholemodule;
				VALIDATE_PRODUCT = YES;
			};
			name = Release;
		};
		7E80BFCC2B42FCFD000679ED /* Debug */ = {
			isa = XCBuildConfiguration;
			buildSettings = {
				ASSETCATALOG_COMPILER_APPICON_NAME = AppIcon;
				ASSETCATALOG_COMPILER_GLOBAL_ACCENT_COLOR_NAME = AccentColor;
				CODE_SIGN_STYLE = Automatic;
				CURRENT_PROJECT_VERSION = 1;
				DEVELOPMENT_ASSET_PATHS = "\"check_it_swiftui/Preview Content\"";
				DEVELOPMENT_TEAM = 3G33A99C47;
				ENABLE_PREVIEWS = YES;
				GENERATE_INFOPLIST_FILE = YES;
				INFOPLIST_FILE = "check-it-swiftui-Info.plist";
				INFOPLIST_KEY_UIApplicationSceneManifest_Generation = YES;
				INFOPLIST_KEY_UIApplicationSupportsIndirectInputEvents = YES;
				INFOPLIST_KEY_UISupportedInterfaceOrientations_iPad = "UIInterfaceOrientationPortrait UIInterfaceOrientationPortraitUpsideDown UIInterfaceOrientationLandscapeLeft UIInterfaceOrientationLandscapeRight";
				INFOPLIST_KEY_UISupportedInterfaceOrientations_iPhone = "UIInterfaceOrientationPortrait UIInterfaceOrientationLandscapeLeft UIInterfaceOrientationLandscapeRight";
				LD_RUNPATH_SEARCH_PATHS = (
					"$(inherited)",
					"@executable_path/Frameworks",
				);
				MARKETING_VERSION = 1.0;
				PRODUCT_BUNDLE_IDENTIFIER = "com.aob.check-it-swiftui";
				PRODUCT_NAME = "$(TARGET_NAME)";
				SWIFT_EMIT_LOC_STRINGS = YES;
				SWIFT_VERSION = 5.0;
				TARGETED_DEVICE_FAMILY = "1,2";
			};
			name = Debug;
		};
		7E80BFCD2B42FCFD000679ED /* Release */ = {
			isa = XCBuildConfiguration;
			buildSettings = {
				ASSETCATALOG_COMPILER_APPICON_NAME = AppIcon;
				ASSETCATALOG_COMPILER_GLOBAL_ACCENT_COLOR_NAME = AccentColor;
				CODE_SIGN_STYLE = Automatic;
				CURRENT_PROJECT_VERSION = 1;
				DEVELOPMENT_ASSET_PATHS = "\"check_it_swiftui/Preview Content\"";
				DEVELOPMENT_TEAM = 3G33A99C47;
				ENABLE_PREVIEWS = YES;
				GENERATE_INFOPLIST_FILE = YES;
				INFOPLIST_FILE = "check-it-swiftui-Info.plist";
				INFOPLIST_KEY_UIApplicationSceneManifest_Generation = YES;
				INFOPLIST_KEY_UIApplicationSupportsIndirectInputEvents = YES;
				INFOPLIST_KEY_UISupportedInterfaceOrientations_iPad = "UIInterfaceOrientationPortrait UIInterfaceOrientationPortraitUpsideDown UIInterfaceOrientationLandscapeLeft UIInterfaceOrientationLandscapeRight";
				INFOPLIST_KEY_UISupportedInterfaceOrientations_iPhone = "UIInterfaceOrientationPortrait UIInterfaceOrientationLandscapeLeft UIInterfaceOrientationLandscapeRight";
				LD_RUNPATH_SEARCH_PATHS = (
					"$(inherited)",
					"@executable_path/Frameworks",
				);
				MARKETING_VERSION = 1.0;
				PRODUCT_BUNDLE_IDENTIFIER = "com.aob.check-it-swiftui";
				PRODUCT_NAME = "$(TARGET_NAME)";
				SWIFT_EMIT_LOC_STRINGS = YES;
				SWIFT_VERSION = 5.0;
				TARGETED_DEVICE_FAMILY = "1,2";
			};
			name = Release;
		};
		7E80BFCF2B42FCFD000679ED /* Debug */ = {
			isa = XCBuildConfiguration;
			buildSettings = {
				ALWAYS_EMBED_SWIFT_STANDARD_LIBRARIES = YES;
				BUNDLE_LOADER = "$(TEST_HOST)";
				CODE_SIGN_STYLE = Automatic;
				CURRENT_PROJECT_VERSION = 1;
				DEVELOPMENT_TEAM = 3G33A99C47;
				GENERATE_INFOPLIST_FILE = YES;
				IPHONEOS_DEPLOYMENT_TARGET = 17.2;
				MARKETING_VERSION = 1.0;
				PRODUCT_BUNDLE_IDENTIFIER = "com.aob.check-it-swiftuiTests";
				PRODUCT_NAME = "$(TARGET_NAME)";
				SWIFT_EMIT_LOC_STRINGS = NO;
				SWIFT_VERSION = 5.0;
				TARGETED_DEVICE_FAMILY = "1,2";
				TEST_HOST = "$(BUILT_PRODUCTS_DIR)/check_it_swiftui.app/$(BUNDLE_EXECUTABLE_FOLDER_PATH)/check_it_swiftui";
			};
			name = Debug;
		};
		7E80BFD02B42FCFD000679ED /* Release */ = {
			isa = XCBuildConfiguration;
			buildSettings = {
				ALWAYS_EMBED_SWIFT_STANDARD_LIBRARIES = YES;
				BUNDLE_LOADER = "$(TEST_HOST)";
				CODE_SIGN_STYLE = Automatic;
				CURRENT_PROJECT_VERSION = 1;
				DEVELOPMENT_TEAM = 3G33A99C47;
				GENERATE_INFOPLIST_FILE = YES;
				IPHONEOS_DEPLOYMENT_TARGET = 17.2;
				MARKETING_VERSION = 1.0;
				PRODUCT_BUNDLE_IDENTIFIER = "com.aob.check-it-swiftuiTests";
				PRODUCT_NAME = "$(TARGET_NAME)";
				SWIFT_EMIT_LOC_STRINGS = NO;
				SWIFT_VERSION = 5.0;
				TARGETED_DEVICE_FAMILY = "1,2";
				TEST_HOST = "$(BUILT_PRODUCTS_DIR)/check_it_swiftui.app/$(BUNDLE_EXECUTABLE_FOLDER_PATH)/check_it_swiftui";
			};
			name = Release;
		};
		7E80BFD22B42FCFD000679ED /* Debug */ = {
			isa = XCBuildConfiguration;
			buildSettings = {
				ALWAYS_EMBED_SWIFT_STANDARD_LIBRARIES = YES;
				CODE_SIGN_STYLE = Automatic;
				CURRENT_PROJECT_VERSION = 1;
				DEVELOPMENT_TEAM = 3G33A99C47;
				GENERATE_INFOPLIST_FILE = YES;
				MARKETING_VERSION = 1.0;
				PRODUCT_BUNDLE_IDENTIFIER = "com.aob.check-it-swiftuiUITests";
				PRODUCT_NAME = "$(TARGET_NAME)";
				SWIFT_EMIT_LOC_STRINGS = NO;
				SWIFT_VERSION = 5.0;
				TARGETED_DEVICE_FAMILY = "1,2";
				TEST_TARGET_NAME = check_it_swiftui;
			};
			name = Debug;
		};
		7E80BFD32B42FCFD000679ED /* Release */ = {
			isa = XCBuildConfiguration;
			buildSettings = {
				ALWAYS_EMBED_SWIFT_STANDARD_LIBRARIES = YES;
				CODE_SIGN_STYLE = Automatic;
				CURRENT_PROJECT_VERSION = 1;
				DEVELOPMENT_TEAM = 3G33A99C47;
				GENERATE_INFOPLIST_FILE = YES;
				MARKETING_VERSION = 1.0;
				PRODUCT_BUNDLE_IDENTIFIER = "com.aob.check-it-swiftuiUITests";
				PRODUCT_NAME = "$(TARGET_NAME)";
				SWIFT_EMIT_LOC_STRINGS = NO;
				SWIFT_VERSION = 5.0;
				TARGETED_DEVICE_FAMILY = "1,2";
				TEST_TARGET_NAME = check_it_swiftui;
			};
			name = Release;
		};
/* End XCBuildConfiguration section */

/* Begin XCConfigurationList section */
		7E80BFA22B42FCFC000679ED /* Build configuration list for PBXProject "check_it_swiftui" */ = {
			isa = XCConfigurationList;
			buildConfigurations = (
				7E80BFC92B42FCFD000679ED /* Debug */,
				7E80BFCA2B42FCFD000679ED /* Release */,
			);
			defaultConfigurationIsVisible = 0;
			defaultConfigurationName = Release;
		};
		7E80BFCB2B42FCFD000679ED /* Build configuration list for PBXNativeTarget "check_it_swiftui" */ = {
			isa = XCConfigurationList;
			buildConfigurations = (
				7E80BFCC2B42FCFD000679ED /* Debug */,
				7E80BFCD2B42FCFD000679ED /* Release */,
			);
			defaultConfigurationIsVisible = 0;
			defaultConfigurationName = Release;
		};
		7E80BFCE2B42FCFD000679ED /* Build configuration list for PBXNativeTarget "check_it_swiftuiTests" */ = {
			isa = XCConfigurationList;
			buildConfigurations = (
				7E80BFCF2B42FCFD000679ED /* Debug */,
				7E80BFD02B42FCFD000679ED /* Release */,
			);
			defaultConfigurationIsVisible = 0;
			defaultConfigurationName = Release;
		};
		7E80BFD12B42FCFD000679ED /* Build configuration list for PBXNativeTarget "check_it_swiftuiUITests" */ = {
			isa = XCConfigurationList;
			buildConfigurations = (
				7E80BFD22B42FCFD000679ED /* Debug */,
				7E80BFD32B42FCFD000679ED /* Release */,
			);
			defaultConfigurationIsVisible = 0;
			defaultConfigurationName = Release;
		};
/* End XCConfigurationList section */
	};
	rootObject = 7E80BF9F2B42FCFC000679ED /* Project object */;
}
